
Microsoft Visual Studio Solution File, Format Version 12.00
# Visual Studio Version 17
VisualStudioVersion = 17.8.34316.72
MinimumVisualStudioVersion = 10.0.40219.1
Project("{9A19103F-16F7-4668-BE54-9A1E7A4F7556}") = "Witivio.Copilot4Researcher", "Witivio.Copilot4Researcher.Api\Witivio.Copilot4Researcher.csproj", "{AA95E6EF-275C-4F87-AEE6-421F0F8E5B9F}"
EndProject
Project("{FAE04EC0-301F-11D3-BF4B-00C04F79EFBC}") = "Witivio.Copilot4Researcher.Tests", "Witivio.Copilot4Researcher.Tests\Witivio.Copilot4Researcher.Tests.csproj", "{DBCF960F-880B-40BA-84DA-E764A557A82D}"
EndProject
Global
	GlobalSection(SolutionConfigurationPlatforms) = preSolution
		Debug|Any CPU = Debug|Any CPU
		Release|Any CPU = Release|Any CPU
	EndGlobalSection
	GlobalSection(ProjectConfigurationPlatforms) = postSolution
		{AA95E6EF-275C-4F87-AEE6-421F0F8E5B9F}.Debug|Any CPU.ActiveCfg = Debug|Any CPU
		{AA95E6EF-275C-4F87-AEE6-421F0F8E5B9F}.Debug|Any CPU.Build.0 = Debug|Any CPU
		{AA95E6EF-275C-4F87-AEE6-421F0F8E5B9F}.Release|Any CPU.ActiveCfg = Release|Any CPU
		{AA95E6EF-275C-4F87-AEE6-421F0F8E5B9F}.Release|Any CPU.Build.0 = Release|Any CPU
		{DBCF960F-880B-40BA-84DA-E764A557A82D}.Debug|Any CPU.ActiveCfg = Debug|Any CPU
		{DBCF960F-880B-40BA-84DA-E764A557A82D}.Debug|Any CPU.Build.0 = Debug|Any CPU
		{DBCF960F-880B-40BA-84DA-E764A557A82D}.Release|Any CPU.ActiveCfg = Release|Any CPU
		{DBCF960F-880B-40BA-84DA-E764A557A82D}.Release|Any CPU.Build.0 = Release|Any CPU
	EndGlobalSection
	GlobalSection(SolutionProperties) = preSolution
		HideSolutionNode = FALSE
	EndGlobalSection
	GlobalSection(ExtensibilityGlobals) = postSolution
		SolutionGuid = {0E1C9F05-C7BE-42FB-82E5-6326128EB164}
	EndGlobalSection
EndGlobal
